// !$*UTF8*$!
{
	archiveVersion = 1;
	classes = {
	};
	objectVersion = 56;
	objects = {

/* Begin PBXBuildFile section */
		2CC1E89553E09AE6E3BCF6C7 /* Pods_SalonPro_Mate.framework in Frameworks */ = {isa = PBXBuildFile; fileRef = 84285CEC35986A0DDCCFFFB8 /* Pods_SalonPro_Mate.framework */; };
		80AA603F2D12AF370069E9F9 /* DetailViewController.swift in Sources */ = {isa = PBXBuildFile; fileRef = 80AA603E2D12AF370069E9F9 /* DetailViewController.swift */; };
		80AA60432D12B41E0069E9F9 /* UserTableViewCell.swift in Sources */ = {isa = PBXBuildFile; fileRef = 80AA60412D12B41E0069E9F9 /* UserTableViewCell.swift */; };
		80AA60442D12B41E0069E9F9 /* UserViewController.swift in Sources */ = {isa = PBXBuildFile; fileRef = 80AA60422D12B41E0069E9F9 /* UserViewController.swift */; };
		80AA60472D12B6E30069E9F9 /* OrderViewController.swift in Sources */ = {isa = PBXBuildFile; fileRef = 80AA60462D12B6E30069E9F9 /* OrderViewController.swift */; };
		80AA604B2D12C3850069E9F9 /* RecordsTableViewCell.swift in Sources */ = {isa = PBXBuildFile; fileRef = 80AA60492D12C3850069E9F9 /* RecordsTableViewCell.swift */; };
		80AA604C2D12C3850069E9F9 /* RecordsViewController.swift in Sources */ = {isa = PBXBuildFile; fileRef = 80AA604A2D12C3850069E9F9 /* RecordsViewController.swift */; };
		80AA60502D12C9020069E9F9 /* ViewSalesViewController.swift in Sources */ = {isa = PBXBuildFile; fileRef = 80AA604E2D12C9020069E9F9 /* ViewSalesViewController.swift */; };
		80AA60512D12C9020069E9F9 /* ViewSalesTableViewCell.swift in Sources */ = {isa = PBXBuildFile; fileRef = 80AA604F2D12C9020069E9F9 /* ViewSalesTableViewCell.swift */; };
		80AA60552D12DA660069E9F9 /* UserAllDataViewController.swift in Sources */ = {isa = PBXBuildFile; fileRef = 80AA60532D12DA660069E9F9 /* UserAllDataViewController.swift */; };
		80AA60562D12DA660069E9F9 /* TableViewCell.swift in Sources */ = {isa = PBXBuildFile; fileRef = 80AA60542D12DA660069E9F9 /* TableViewCell.swift */; };
		80AA605A2D12E4AA0069E9F9 /* SideMenuTableViewCell.swift in Sources */ = {isa = PBXBuildFile; fileRef = 80AA60582D12E4AA0069E9F9 /* SideMenuTableViewCell.swift */; };
		80AA605B2D12E4AA0069E9F9 /* SettingsViewController.swift in Sources */ = {isa = PBXBuildFile; fileRef = 80AA60592D12E4AA0069E9F9 /* SettingsViewController.swift */; };
		80AA60602D12E53D0069E9F9 /* FeedbackViewController.swift in Sources */ = {isa = PBXBuildFile; fileRef = 80AA605D2D12E53D0069E9F9 /* FeedbackViewController.swift */; };
		80AA60612D12E53D0069E9F9 /* AboutusViewController.swift in Sources */ = {isa = PBXBuildFile; fileRef = 80AA605F2D12E53D0069E9F9 /* AboutusViewController.swift */; };
		AAC945B92D10685C008EDF4A /* AppDelegate.swift in Sources */ = {isa = PBXBuildFile; fileRef = AAC945B82D10685C008EDF4A /* AppDelegate.swift */; };
		AAC945BB2D10685C008EDF4A /* SceneDelegate.swift in Sources */ = {isa = PBXBuildFile; fileRef = AAC945BA2D10685C008EDF4A /* SceneDelegate.swift */; };
		AAC945C02D10685C008EDF4A /* Main.storyboard in Resources */ = {isa = PBXBuildFile; fileRef = AAC945BE2D10685C008EDF4A /* Main.storyboard */; };
		AAC945C22D10685E008EDF4A /* Assets.xcassets in Resources */ = {isa = PBXBuildFile; fileRef = AAC945C12D10685E008EDF4A /* Assets.xcassets */; };
		AAC945C52D10685E008EDF4A /* LaunchScreen.storyboard in Resources */ = {isa = PBXBuildFile; fileRef = AAC945C32D10685E008EDF4A /* LaunchScreen.storyboard */; };
		AAC945CF2D106B13008EDF4A /* Helper.swift in Sources */ = {isa = PBXBuildFile; fileRef = AAC945CD2D106B13008EDF4A /* Helper.swift */; };
		AAC945D02D106B13008EDF4A /* iOSDropDown.swift in Sources */ = {isa = PBXBuildFile; fileRef = AAC945CE2D106B13008EDF4A /* iOSDropDown.swift */; };
		AAC945D32D10703A008EDF4A /* StartViewViewController.swift in Sources */ = {isa = PBXBuildFile; fileRef = AAC945D22D10703A008EDF4A /* StartViewViewController.swift */; };
		AAC945D62D10706B008EDF4A /* DashboardViewController.swift in Sources */ = {isa = PBXBuildFile; fileRef = AAC945D52D10706B008EDF4A /* DashboardViewController.swift */; };
		AAC945D82D10707C008EDF4A /* DashboardCollectionViewCell.swift in Sources */ = {isa = PBXBuildFile; fileRef = AAC945D72D10707C008EDF4A /* DashboardCollectionViewCell.swift */; };
/* End PBXBuildFile section */

/* Begin PBXFileReference section */
		170E806F8C940ECE0F1C9267 /* Pods-SalonPro Mate.release.xcconfig */ = {isa = PBXFileReference; includeInIndex = 1; lastKnownFileType = text.xcconfig; name = "Pods-SalonPro Mate.release.xcconfig"; path = "Target Support Files/Pods-SalonPro Mate/Pods-SalonPro Mate.release.xcconfig"; sourceTree = "<group>"; };
		80AA603E2D12AF370069E9F9 /* DetailViewController.swift */ = {isa = PBXFileReference; fileEncoding = 4; lastKnownFileType = sourcecode.swift; path = DetailViewController.swift; sourceTree = "<group>"; };
		80AA60412D12B41E0069E9F9 /* UserTableViewCell.swift */ = {isa = PBXFileReference; fileEncoding = 4; lastKnownFileType = sourcecode.swift; path = UserTableViewCell.swift; sourceTree = "<group>"; };
		80AA60422D12B41E0069E9F9 /* UserViewController.swift */ = {isa = PBXFileReference; fileEncoding = 4; lastKnownFileType = sourcecode.swift; path = UserViewController.swift; sourceTree = "<group>"; };
		80AA60462D12B6E30069E9F9 /* OrderViewController.swift */ = {isa = PBXFileReference; fileEncoding = 4; lastKnownFileType = sourcecode.swift; path = OrderViewController.swift; sourceTree = "<group>"; };
		80AA60492D12C3850069E9F9 /* RecordsTableViewCell.swift */ = {isa = PBXFileReference; fileEncoding = 4; lastKnownFileType = sourcecode.swift; path = RecordsTableViewCell.swift; sourceTree = "<group>"; };
		80AA604A2D12C3850069E9F9 /* RecordsViewController.swift */ = {isa = PBXFileReference; fileEncoding = 4; lastKnownFileType = sourcecode.swift; path = RecordsViewController.swift; sourceTree = "<group>"; };
		80AA604E2D12C9020069E9F9 /* ViewSalesViewController.swift */ = {isa = PBXFileReference; fileEncoding = 4; lastKnownFileType = sourcecode.swift; path = ViewSalesViewController.swift; sourceTree = "<group>"; };
		80AA604F2D12C9020069E9F9 /* ViewSalesTableViewCell.swift */ = {isa = PBXFileReference; fileEncoding = 4; lastKnownFileType = sourcecode.swift; path = ViewSalesTableViewCell.swift; sourceTree = "<group>"; };
		80AA60532D12DA660069E9F9 /* UserAllDataViewController.swift */ = {isa = PBXFileReference; fileEncoding = 4; lastKnownFileType = sourcecode.swift; path = UserAllDataViewController.swift; sourceTree = "<group>"; };
		80AA60542D12DA660069E9F9 /* TableViewCell.swift */ = {isa = PBXFileReference; fileEncoding = 4; lastKnownFileType = sourcecode.swift; path = TableViewCell.swift; sourceTree = "<group>"; };
		80AA60582D12E4AA0069E9F9 /* SideMenuTableViewCell.swift */ = {isa = PBXFileReference; fileEncoding = 4; lastKnownFileType = sourcecode.swift; path = SideMenuTableViewCell.swift; sourceTree = "<group>"; };
		80AA60592D12E4AA0069E9F9 /* SettingsViewController.swift */ = {isa = PBXFileReference; fileEncoding = 4; lastKnownFileType = sourcecode.swift; path = SettingsViewController.swift; sourceTree = "<group>"; };
		80AA605D2D12E53D0069E9F9 /* FeedbackViewController.swift */ = {isa = PBXFileReference; fileEncoding = 4; lastKnownFileType = sourcecode.swift; path = FeedbackViewController.swift; sourceTree = "<group>"; };
		80AA605F2D12E53D0069E9F9 /* AboutusViewController.swift */ = {isa = PBXFileReference; fileEncoding = 4; lastKnownFileType = sourcecode.swift; path = AboutusViewController.swift; sourceTree = "<group>"; };
		84285CEC35986A0DDCCFFFB8 /* Pods_SalonPro_Mate.framework */ = {isa = PBXFileReference; explicitFileType = wrapper.framework; includeInIndex = 0; path = Pods_SalonPro_Mate.framework; sourceTree = BUILT_PRODUCTS_DIR; };
		972C1AA499869FD1D4FA89FE /* Pods-SalonPro Mate.debug.xcconfig */ = {isa = PBXFileReference; includeInIndex = 1; lastKnownFileType = text.xcconfig; name = "Pods-SalonPro Mate.debug.xcconfig"; path = "Target Support Files/Pods-SalonPro Mate/Pods-SalonPro Mate.debug.xcconfig"; sourceTree = "<group>"; };
		AAC945B52D10685C008EDF4A /* SalonPro Mate.app */ = {isa = PBXFileReference; explicitFileType = wrapper.application; includeInIndex = 0; path = "SalonPro Mate.app"; sourceTree = BUILT_PRODUCTS_DIR; };
		AAC945B82D10685C008EDF4A /* AppDelegate.swift */ = {isa = PBXFileReference; lastKnownFileType = sourcecode.swift; path = AppDelegate.swift; sourceTree = "<group>"; };
		AAC945BA2D10685C008EDF4A /* SceneDelegate.swift */ = {isa = PBXFileReference; lastKnownFileType = sourcecode.swift; path = SceneDelegate.swift; sourceTree = "<group>"; };
		AAC945BF2D10685C008EDF4A /* Base */ = {isa = PBXFileReference; lastKnownFileType = file.storyboard; name = Base; path = Base.lproj/Main.storyboard; sourceTree = "<group>"; };
		AAC945C12D10685E008EDF4A /* Assets.xcassets */ = {isa = PBXFileReference; lastKnownFileType = folder.assetcatalog; path = Assets.xcassets; sourceTree = "<group>"; };
		AAC945C42D10685E008EDF4A /* Base */ = {isa = PBXFileReference; lastKnownFileType = file.storyboard; name = Base; path = Base.lproj/LaunchScreen.storyboard; sourceTree = "<group>"; };
		AAC945C62D10685E008EDF4A /* Info.plist */ = {isa = PBXFileReference; lastKnownFileType = text.plist.xml; path = Info.plist; sourceTree = "<group>"; };
		AAC945CD2D106B13008EDF4A /* Helper.swift */ = {isa = PBXFileReference; fileEncoding = 4; lastKnownFileType = sourcecode.swift; path = Helper.swift; sourceTree = "<group>"; };
		AAC945CE2D106B13008EDF4A /* iOSDropDown.swift */ = {isa = PBXFileReference; fileEncoding = 4; lastKnownFileType = sourcecode.swift; path = iOSDropDown.swift; sourceTree = "<group>"; };
		AAC945D22D10703A008EDF4A /* StartViewViewController.swift */ = {isa = PBXFileReference; lastKnownFileType = sourcecode.swift; path = StartViewViewController.swift; sourceTree = "<group>"; };
		AAC945D52D10706B008EDF4A /* DashboardViewController.swift */ = {isa = PBXFileReference; lastKnownFileType = sourcecode.swift; path = DashboardViewController.swift; sourceTree = "<group>"; };
		AAC945D72D10707C008EDF4A /* DashboardCollectionViewCell.swift */ = {isa = PBXFileReference; lastKnownFileType = sourcecode.swift; path = DashboardCollectionViewCell.swift; sourceTree = "<group>"; };
/* End PBXFileReference section */

/* Begin PBXFrameworksBuildPhase section */
		AAC945B22D10685C008EDF4A /* Frameworks */ = {
			isa = PBXFrameworksBuildPhase;
			buildActionMask = 2147483647;
			files = (
				2CC1E89553E09AE6E3BCF6C7 /* Pods_SalonPro_Mate.framework in Frameworks */,
			);
			runOnlyForDeploymentPostprocessing = 0;
		};
/* End PBXFrameworksBuildPhase section */

/* Begin PBXGroup section */
		5F4791737DD141F61FB07A9E /* Pods */ = {
			isa = PBXGroup;
			children = (
				972C1AA499869FD1D4FA89FE /* Pods-SalonPro Mate.debug.xcconfig */,
				170E806F8C940ECE0F1C9267 /* Pods-SalonPro Mate.release.xcconfig */,
			);
			path = Pods;
			sourceTree = "<group>";
		};
		80AA603D2D12AF370069E9F9 /* Add Customer */ = {
			isa = PBXGroup;
			children = (
				80AA603E2D12AF370069E9F9 /* DetailViewController.swift */,
			);
			path = "Add Customer";
			sourceTree = "<group>";
		};
		80AA60402D12B41E0069E9F9 /* CustomerList */ = {
			isa = PBXGroup;
			children = (
				80AA60412D12B41E0069E9F9 /* UserTableViewCell.swift */,
				80AA60422D12B41E0069E9F9 /* UserViewController.swift */,
			);
			path = CustomerList;
			sourceTree = "<group>";
		};
		80AA60452D12B6E30069E9F9 /* Ordered */ = {
			isa = PBXGroup;
			children = (
				80AA60462D12B6E30069E9F9 /* OrderViewController.swift */,
			);
			path = Ordered;
			sourceTree = "<group>";
		};
		80AA60482D12C3850069E9F9 /* Records */ = {
			isa = PBXGroup;
			children = (
				80AA60492D12C3850069E9F9 /* RecordsTableViewCell.swift */,
				80AA604A2D12C3850069E9F9 /* RecordsViewController.swift */,
			);
			path = Records;
			sourceTree = "<group>";
		};
		80AA604D2D12C9020069E9F9 /* View All Sales */ = {
			isa = PBXGroup;
			children = (
				80AA604E2D12C9020069E9F9 /* ViewSalesViewController.swift */,
				80AA604F2D12C9020069E9F9 /* ViewSalesTableViewCell.swift */,
			);
			path = "View All Sales";
			sourceTree = "<group>";
		};
		80AA60522D12DA660069E9F9 /* User All Detail */ = {
			isa = PBXGroup;
			children = (
				80AA60532D12DA660069E9F9 /* UserAllDataViewController.swift */,
				80AA60542D12DA660069E9F9 /* TableViewCell.swift */,
			);
			path = "User All Detail";
			sourceTree = "<group>";
		};
		80AA60572D12E4AA0069E9F9 /* Settings */ = {
			isa = PBXGroup;
			children = (
				80AA60582D12E4AA0069E9F9 /* SideMenuTableViewCell.swift */,
				80AA60592D12E4AA0069E9F9 /* SettingsViewController.swift */,
			);
			path = Settings;
			sourceTree = "<group>";
		};
		80AA605C2D12E53D0069E9F9 /* Feedback */ = {
			isa = PBXGroup;
			children = (
				80AA605D2D12E53D0069E9F9 /* FeedbackViewController.swift */,
			);
			path = Feedback;
			sourceTree = "<group>";
		};
		80AA605E2D12E53D0069E9F9 /* AboutUs */ = {
			isa = PBXGroup;
			children = (
				80AA605F2D12E53D0069E9F9 /* AboutusViewController.swift */,
			);
			path = AboutUs;
			sourceTree = "<group>";
		};
		821B227F800C1F560BA2D818 /* Frameworks */ = {
			isa = PBXGroup;
			children = (
				84285CEC35986A0DDCCFFFB8 /* Pods_SalonPro_Mate.framework */,
			);
			name = Frameworks;
			sourceTree = "<group>";
		};
		AAC945AC2D10685C008EDF4A = {
			isa = PBXGroup;
			children = (
				AAC945B72D10685C008EDF4A /* SalonPro Mate */,
				AAC945B62D10685C008EDF4A /* Products */,
				5F4791737DD141F61FB07A9E /* Pods */,
				821B227F800C1F560BA2D818 /* Frameworks */,
			);
			sourceTree = "<group>";
		};
		AAC945B62D10685C008EDF4A /* Products */ = {
			isa = PBXGroup;
			children = (
				AAC945B52D10685C008EDF4A /* SalonPro Mate.app */,
			);
			name = Products;
			sourceTree = "<group>";
		};
		AAC945B72D10685C008EDF4A /* SalonPro Mate */ = {
			isa = PBXGroup;
			children = (
				80AA605E2D12E53D0069E9F9 /* AboutUs */,
				80AA605C2D12E53D0069E9F9 /* Feedback */,
				80AA60572D12E4AA0069E9F9 /* Settings */,
				80AA60522D12DA660069E9F9 /* User All Detail */,
				80AA604D2D12C9020069E9F9 /* View All Sales */,
				80AA60482D12C3850069E9F9 /* Records */,
				80AA60452D12B6E30069E9F9 /* Ordered */,
				80AA60402D12B41E0069E9F9 /* CustomerList */,
				80AA603D2D12AF370069E9F9 /* Add Customer */,
				AAC945D42D107059008EDF4A /* Dashboard */,
				AAC945D12D107027008EDF4A /* StartView */,
				AAC945CC2D106AEB008EDF4A /* Consant */,
				AAC945B82D10685C008EDF4A /* AppDelegate.swift */,
				AAC945BA2D10685C008EDF4A /* SceneDelegate.swift */,
				AAC945BE2D10685C008EDF4A /* Main.storyboard */,
				AAC945C12D10685E008EDF4A /* Assets.xcassets */,
				AAC945C32D10685E008EDF4A /* LaunchScreen.storyboard */,
				AAC945C62D10685E008EDF4A /* Info.plist */,
			);
			path = "SalonPro Mate";
			sourceTree = "<group>";
		};
		AAC945CC2D106AEB008EDF4A /* Consant */ = {
			isa = PBXGroup;
			children = (
				AAC945CD2D106B13008EDF4A /* Helper.swift */,
				AAC945CE2D106B13008EDF4A /* iOSDropDown.swift */,
			);
			path = Consant;
			sourceTree = "<group>";
		};
		AAC945D12D107027008EDF4A /* StartView */ = {
			isa = PBXGroup;
			children = (
				AAC945D22D10703A008EDF4A /* StartViewViewController.swift */,
			);
			path = StartView;
			sourceTree = "<group>";
		};
		AAC945D42D107059008EDF4A /* Dashboard */ = {
			isa = PBXGroup;
			children = (
				AAC945D52D10706B008EDF4A /* DashboardViewController.swift */,
				AAC945D72D10707C008EDF4A /* DashboardCollectionViewCell.swift */,
			);
			path = Dashboard;
			sourceTree = "<group>";
		};
/* End PBXGroup section */

/* Begin PBXNativeTarget section */
		AAC945B42D10685C008EDF4A /* SalonPro Mate */ = {
			isa = PBXNativeTarget;
			buildConfigurationList = AAC945C92D10685E008EDF4A /* Build configuration list for PBXNativeTarget "SalonPro Mate" */;
			buildPhases = (
				4B7901AFB289C17D88456C78 /* [CP] Check Pods Manifest.lock */,
				AAC945B12D10685C008EDF4A /* Sources */,
				AAC945B22D10685C008EDF4A /* Frameworks */,
				AAC945B32D10685C008EDF4A /* Resources */,
				F441BEC1C3003E4673AD9E27 /* [CP] Embed Pods Frameworks */,
			);
			buildRules = (
			);
			dependencies = (
			);
			name = "SalonPro Mate";
			productName = "SalonPro Mate";
			productReference = AAC945B52D10685C008EDF4A /* SalonPro Mate.app */;
			productType = "com.apple.product-type.application";
		};
/* End PBXNativeTarget section */

/* Begin PBXProject section */
		AAC945AD2D10685C008EDF4A /* Project object */ = {
			isa = PBXProject;
			attributes = {
				BuildIndependentTargetsInParallel = 1;
				LastSwiftUpdateCheck = 1520;
				LastUpgradeCheck = 1520;
				TargetAttributes = {
					AAC945B42D10685C008EDF4A = {
						CreatedOnToolsVersion = 15.2;
					};
				};
			};
			buildConfigurationList = AAC945B02D10685C008EDF4A /* Build configuration list for PBXProject "SalonPro Mate" */;
			compatibilityVersion = "Xcode 14.0";
			developmentRegion = en;
			hasScannedForEncodings = 0;
			knownRegions = (
				en,
				Base,
			);
			mainGroup = AAC945AC2D10685C008EDF4A;
			productRefGroup = AAC945B62D10685C008EDF4A /* Products */;
			projectDirPath = "";
			projectRoot = "";
			targets = (
				AAC945B42D10685C008EDF4A /* SalonPro Mate */,
			);
		};
/* End PBXProject section */

/* Begin PBXResourcesBuildPhase section */
		AAC945B32D10685C008EDF4A /* Resources */ = {
			isa = PBXResourcesBuildPhase;
			buildActionMask = 2147483647;
			files = (
				AAC945C52D10685E008EDF4A /* LaunchScreen.storyboard in Resources */,
				AAC945C22D10685E008EDF4A /* Assets.xcassets in Resources */,
				AAC945C02D10685C008EDF4A /* Main.storyboard in Resources */,
			);
			runOnlyForDeploymentPostprocessing = 0;
		};
/* End PBXResourcesBuildPhase section */

/* Begin PBXShellScriptBuildPhase section */
		4B7901AFB289C17D88456C78 /* [CP] Check Pods Manifest.lock */ = {
			isa = PBXShellScriptBuildPhase;
			buildActionMask = 2147483647;
			files = (
			);
			inputFileListPaths = (
			);
			inputPaths = (
				"${PODS_PODFILE_DIR_PATH}/Podfile.lock",
				"${PODS_ROOT}/Manifest.lock",
			);
			name = "[CP] Check Pods Manifest.lock";
			outputFileListPaths = (
			);
			outputPaths = (
				"$(DERIVED_FILE_DIR)/Pods-SalonPro Mate-checkManifestLockResult.txt",
			);
			runOnlyForDeploymentPostprocessing = 0;
			shellPath = /bin/sh;
			shellScript = "diff \"${PODS_PODFILE_DIR_PATH}/Podfile.lock\" \"${PODS_ROOT}/Manifest.lock\" > /dev/null\nif [ $? != 0 ] ; then\n    # print error to STDERR\n    echo \"error: The sandbox is not in sync with the Podfile.lock. Run 'pod install' or update your CocoaPods installation.\" >&2\n    exit 1\nfi\n# This output is used by Xcode 'outputs' to avoid re-running this script phase.\necho \"SUCCESS\" > \"${SCRIPT_OUTPUT_FILE_0}\"\n";
			showEnvVarsInLog = 0;
		};
		F441BEC1C3003E4673AD9E27 /* [CP] Embed Pods Frameworks */ = {
			isa = PBXShellScriptBuildPhase;
			buildActionMask = 2147483647;
			files = (
			);
			inputFileListPaths = (
				"${PODS_ROOT}/Target Support Files/Pods-SalonPro Mate/Pods-SalonPro Mate-frameworks-${CONFIGURATION}-input-files.xcfilelist",
			);
			name = "[CP] Embed Pods Frameworks";
			outputFileListPaths = (
				"${PODS_ROOT}/Target Support Files/Pods-SalonPro Mate/Pods-SalonPro Mate-frameworks-${CONFIGURATION}-output-files.xcfilelist",
			);
			runOnlyForDeploymentPostprocessing = 0;
			shellPath = /bin/sh;
			shellScript = "\"${PODS_ROOT}/Target Support Files/Pods-SalonPro Mate/Pods-SalonPro Mate-frameworks.sh\"\n";
			showEnvVarsInLog = 0;
		};
/* End PBXShellScriptBuildPhase section */

/* Begin PBXSourcesBuildPhase section */
		AAC945B12D10685C008EDF4A /* Sources */ = {
			isa = PBXSourcesBuildPhase;
			buildActionMask = 2147483647;
			files = (
				AAC945D02D106B13008EDF4A /* iOSDropDown.swift in Sources */,
				80AA60442D12B41E0069E9F9 /* UserViewController.swift in Sources */,
				80AA60432D12B41E0069E9F9 /* UserTableViewCell.swift in Sources */,
				80AA60602D12E53D0069E9F9 /* FeedbackViewController.swift in Sources */,
				80AA60512D12C9020069E9F9 /* ViewSalesTableViewCell.swift in Sources */,
				AAC945D62D10706B008EDF4A /* DashboardViewController.swift in Sources */,
				80AA60612D12E53D0069E9F9 /* AboutusViewController.swift in Sources */,
				80AA605B2D12E4AA0069E9F9 /* SettingsViewController.swift in Sources */,
				AAC945B92D10685C008EDF4A /* AppDelegate.swift in Sources */,
				AAC945BB2D10685C008EDF4A /* SceneDelegate.swift in Sources */,
				80AA604B2D12C3850069E9F9 /* RecordsTableViewCell.swift in Sources */,
				AAC945D82D10707C008EDF4A /* DashboardCollectionViewCell.swift in Sources */,
				AAC945CF2D106B13008EDF4A /* Helper.swift in Sources */,
				AAC945D32D10703A008EDF4A /* StartViewViewController.swift in Sources */,
				80AA60552D12DA660069E9F9 /* UserAllDataViewController.swift in Sources */,
				80AA60502D12C9020069E9F9 /* ViewSalesViewController.swift in Sources */,
				80AA60472D12B6E30069E9F9 /* OrderViewController.swift in Sources */,
				80AA60562D12DA660069E9F9 /* TableViewCell.swift in Sources */,
				80AA605A2D12E4AA0069E9F9 /* SideMenuTableViewCell.swift in Sources */,
				80AA604C2D12C3850069E9F9 /* RecordsViewController.swift in Sources */,
				80AA603F2D12AF370069E9F9 /* DetailViewController.swift in Sources */,
			);
			runOnlyForDeploymentPostprocessing = 0;
		};
/* End PBXSourcesBuildPhase section */

/* Begin PBXVariantGroup section */
		AAC945BE2D10685C008EDF4A /* Main.storyboard */ = {
			isa = PBXVariantGroup;
			children = (
				AAC945BF2D10685C008EDF4A /* Base */,
			);
			name = Main.storyboard;
			sourceTree = "<group>";
		};
		AAC945C32D10685E008EDF4A /* LaunchScreen.storyboard */ = {
			isa = PBXVariantGroup;
			children = (
				AAC945C42D10685E008EDF4A /* Base */,
			);
			name = LaunchScreen.storyboard;
			sourceTree = "<group>";
		};
/* End PBXVariantGroup section */

/* Begin XCBuildConfiguration section */
		AAC945C72D10685E008EDF4A /* Debug */ = {
			isa = XCBuildConfiguration;
			buildSettings = {
				ALWAYS_SEARCH_USER_PATHS = NO;
				ASSETCATALOG_COMPILER_GENERATE_SWIFT_ASSET_SYMBOL_EXTENSIONS = YES;
				CLANG_ANALYZER_NONNULL = YES;
				CLANG_ANALYZER_NUMBER_OBJECT_CONVERSION = YES_AGGRESSIVE;
				CLANG_CXX_LANGUAGE_STANDARD = "gnu++20";
				CLANG_ENABLE_MODULES = YES;
				CLANG_ENABLE_OBJC_ARC = YES;
				CLANG_ENABLE_OBJC_WEAK = YES;
				CLANG_WARN_BLOCK_CAPTURE_AUTORELEASING = YES;
				CLANG_WARN_BOOL_CONVERSION = YES;
				CLANG_WARN_COMMA = YES;
				CLANG_WARN_CONSTANT_CONVERSION = YES;
				CLANG_WARN_DEPRECATED_OBJC_IMPLEMENTATIONS = YES;
				CLANG_WARN_DIRECT_OBJC_ISA_USAGE = YES_ERROR;
				CLANG_WARN_DOCUMENTATION_COMMENTS = YES;
				CLANG_WARN_EMPTY_BODY = YES;
				CLANG_WARN_ENUM_CONVERSION = YES;
				CLANG_WARN_INFINITE_RECURSION = YES;
				CLANG_WARN_INT_CONVERSION = YES;
				CLANG_WARN_NON_LITERAL_NULL_CONVERSION = YES;
				CLANG_WARN_OBJC_IMPLICIT_RETAIN_SELF = YES;
				CLANG_WARN_OBJC_LITERAL_CONVERSION = YES;
				CLANG_WARN_OBJC_ROOT_CLASS = YES_ERROR;
				CLANG_WARN_QUOTED_INCLUDE_IN_FRAMEWORK_HEADER = YES;
				CLANG_WARN_RANGE_LOOP_ANALYSIS = YES;
				CLANG_WARN_STRICT_PROTOTYPES = YES;
				CLANG_WARN_SUSPICIOUS_MOVE = YES;
				CLANG_WARN_UNGUARDED_AVAILABILITY = YES_AGGRESSIVE;
				CLANG_WARN_UNREACHABLE_CODE = YES;
				CLANG_WARN__DUPLICATE_METHOD_MATCH = YES;
				COPY_PHASE_STRIP = NO;
				DEBUG_INFORMATION_FORMAT = dwarf;
				ENABLE_STRICT_OBJC_MSGSEND = YES;
				ENABLE_TESTABILITY = YES;
				ENABLE_USER_SCRIPT_SANDBOXING = YES;
				GCC_C_LANGUAGE_STANDARD = gnu17;
				GCC_DYNAMIC_NO_PIC = NO;
				GCC_NO_COMMON_BLOCKS = YES;
				GCC_OPTIMIZATION_LEVEL = 0;
				GCC_PREPROCESSOR_DEFINITIONS = (
					"DEBUG=1",
					"$(inherited)",
				);
				GCC_WARN_64_TO_32_BIT_CONVERSION = YES;
				GCC_WARN_ABOUT_RETURN_TYPE = YES_ERROR;
				GCC_WARN_UNDECLARED_SELECTOR = YES;
				GCC_WARN_UNINITIALIZED_AUTOS = YES_AGGRESSIVE;
				GCC_WARN_UNUSED_FUNCTION = YES;
				GCC_WARN_UNUSED_VARIABLE = YES;
				IPHONEOS_DEPLOYMENT_TARGET = 17.2;
				LOCALIZATION_PREFERS_STRING_CATALOGS = YES;
				MTL_ENABLE_DEBUG_INFO = INCLUDE_SOURCE;
				MTL_FAST_MATH = YES;
				ONLY_ACTIVE_ARCH = YES;
				SDKROOT = iphoneos;
				SWIFT_ACTIVE_COMPILATION_CONDITIONS = "DEBUG $(inherited)";
				SWIFT_OPTIMIZATION_LEVEL = "-Onone";
			};
			name = Debug;
		};
		AAC945C82D10685E008EDF4A /* Release */ = {
			isa = XCBuildConfiguration;
			buildSettings = {
				ALWAYS_SEARCH_USER_PATHS = NO;
				ASSETCATALOG_COMPILER_GENERATE_SWIFT_ASSET_SYMBOL_EXTENSIONS = YES;
				CLANG_ANALYZER_NONNULL = YES;
				CLANG_ANALYZER_NUMBER_OBJECT_CONVERSION = YES_AGGRESSIVE;
				CLANG_CXX_LANGUAGE_STANDARD = "gnu++20";
				CLANG_ENABLE_MODULES = YES;
				CLANG_ENABLE_OBJC_ARC = YES;
				CLANG_ENABLE_OBJC_WEAK = YES;
				CLANG_WARN_BLOCK_CAPTURE_AUTORELEASING = YES;
				CLANG_WARN_BOOL_CONVERSION = YES;
				CLANG_WARN_COMMA = YES;
				CLANG_WARN_CONSTANT_CONVERSION = YES;
				CLANG_WARN_DEPRECATED_OBJC_IMPLEMENTATIONS = YES;
				CLANG_WARN_DIRECT_OBJC_ISA_USAGE = YES_ERROR;
				CLANG_WARN_DOCUMENTATION_COMMENTS = YES;
				CLANG_WARN_EMPTY_BODY = YES;
				CLANG_WARN_ENUM_CONVERSION = YES;
				CLANG_WARN_INFINITE_RECURSION = YES;
				CLANG_WARN_INT_CONVERSION = YES;
				CLANG_WARN_NON_LITERAL_NULL_CONVERSION = YES;
				CLANG_WARN_OBJC_IMPLICIT_RETAIN_SELF = YES;
				CLANG_WARN_OBJC_LITERAL_CONVERSION = YES;
				CLANG_WARN_OBJC_ROOT_CLASS = YES_ERROR;
				CLANG_WARN_QUOTED_INCLUDE_IN_FRAMEWORK_HEADER = YES;
				CLANG_WARN_RANGE_LOOP_ANALYSIS = YES;
				CLANG_WARN_STRICT_PROTOTYPES = YES;
				CLANG_WARN_SUSPICIOUS_MOVE = YES;
				CLANG_WARN_UNGUARDED_AVAILABILITY = YES_AGGRESSIVE;
				CLANG_WARN_UNREACHABLE_CODE = YES;
				CLANG_WARN__DUPLICATE_METHOD_MATCH = YES;
				COPY_PHASE_STRIP = NO;
				DEBUG_INFORMATION_FORMAT = "dwarf-with-dsym";
				ENABLE_NS_ASSERTIONS = NO;
				ENABLE_STRICT_OBJC_MSGSEND = YES;
				ENABLE_USER_SCRIPT_SANDBOXING = YES;
				GCC_C_LANGUAGE_STANDARD = gnu17;
				GCC_NO_COMMON_BLOCKS = YES;
				GCC_WARN_64_TO_32_BIT_CONVERSION = YES;
				GCC_WARN_ABOUT_RETURN_TYPE = YES_ERROR;
				GCC_WARN_UNDECLARED_SELECTOR = YES;
				GCC_WARN_UNINITIALIZED_AUTOS = YES_AGGRESSIVE;
				GCC_WARN_UNUSED_FUNCTION = YES;
				GCC_WARN_UNUSED_VARIABLE = YES;
				IPHONEOS_DEPLOYMENT_TARGET = 17.2;
				LOCALIZATION_PREFERS_STRING_CATALOGS = YES;
				MTL_ENABLE_DEBUG_INFO = NO;
				MTL_FAST_MATH = YES;
				SDKROOT = iphoneos;
				SWIFT_COMPILATION_MODE = wholemodule;
				VALIDATE_PRODUCT = YES;
			};
			name = Release;
		};
		AAC945CA2D10685E008EDF4A /* Debug */ = {
			isa = XCBuildConfiguration;
			baseConfigurationReference = 972C1AA499869FD1D4FA89FE /* Pods-SalonPro Mate.debug.xcconfig */;
			buildSettings = {
				ASSETCATALOG_COMPILER_APPICON_NAME = AppIcon;
				ASSETCATALOG_COMPILER_GLOBAL_ACCENT_COLOR_NAME = AccentColor;
				CODE_SIGN_STYLE = Automatic;
				CURRENT_PROJECT_VERSION = 1;
				DEVELOPMENT_TEAM = 2BHZAL86RF;
				ENABLE_USER_SCRIPT_SANDBOXING = NO;
				GENERATE_INFOPLIST_FILE = YES;
				INFOPLIST_FILE = "SalonPro Mate/Info.plist";
				INFOPLIST_KEY_UIApplicationSupportsIndirectInputEvents = YES;
				INFOPLIST_KEY_UILaunchStoryboardName = LaunchScreen;
				INFOPLIST_KEY_UIMainStoryboardFile = Main;
				INFOPLIST_KEY_UISupportedInterfaceOrientations = "UIInterfaceOrientationPortrait UIInterfaceOrientationPortraitUpsideDown";
				INFOPLIST_KEY_UISupportedInterfaceOrientations_iPad = "UIInterfaceOrientationLandscapeLeft UIInterfaceOrientationLandscapeRight UIInterfaceOrientationPortrait UIInterfaceOrientationPortraitUpsideDown";
				IPHONEOS_DEPLOYMENT_TARGET = 13.0;
				LD_RUNPATH_SEARCH_PATHS = (
					"$(inherited)",
					"@executable_path/Frameworks",
				);
				MARKETING_VERSION = 1.0;
				PRODUCT_BUNDLE_IDENTIFIER = com.salonpromate.ms;
				PRODUCT_NAME = "$(TARGET_NAME)";
				SUPPORTED_PLATFORMS = "iphoneos iphonesimulator";
				SUPPORTS_MACCATALYST = NO;
				SUPPORTS_MAC_DESIGNED_FOR_IPHONE_IPAD = NO;
				SUPPORTS_XR_DESIGNED_FOR_IPHONE_IPAD = NO;
				SWIFT_EMIT_LOC_STRINGS = YES;
				SWIFT_VERSION = 5.0;
				TARGETED_DEVICE_FAMILY = 1;
			};
			name = Debug;
		};
		AAC945CB2D10685E008EDF4A /* Release */ = {
			isa = XCBuildConfiguration;
			baseConfigurationReference = 170E806F8C940ECE0F1C9267 /* Pods-SalonPro Mate.release.xcconfig */;
			buildSettings = {
				ASSETCATALOG_COMPILER_APPICON_NAME = AppIcon;
				ASSETCATALOG_COMPILER_GLOBAL_ACCENT_COLOR_NAME = AccentColor;
				CODE_SIGN_STYLE = Automatic;
				CURRENT_PROJECT_VERSION = 1;
				DEVELOPMENT_TEAM = 2BHZAL86RF;
				ENABLE_USER_SCRIPT_SANDBOXING = NO;
				GENERATE_INFOPLIST_FILE = YES;
				INFOPLIST_FILE = "SalonPro Mate/Info.plist";
				INFOPLIST_KEY_UIApplicationSupportsIndirectInputEvents = YES;
				INFOPLIST_KEY_UILaunchStoryboardName = LaunchScreen;
				INFOPLIST_KEY_UIMainStoryboardFile = Main;
				INFOPLIST_KEY_UISupportedInterfaceOrientations = "UIInterfaceOrientationPortrait UIInterfaceOrientationPortraitUpsideDown";
				INFOPLIST_KEY_UISupportedInterfaceOrientations_iPad = "UIInterfaceOrientationLandscapeLeft UIInterfaceOrientationLandscapeRight UIInterfaceOrientationPortrait UIInterfaceOrientationPortraitUpsideDown";
				IPHONEOS_DEPLOYMENT_TARGET = 13.0;
				LD_RUNPATH_SEARCH_PATHS = (
					"$(inherited)",
					"@executable_path/Frameworks",
				);
				MARKETING_VERSION = 1.0;
				PRODUCT_BUNDLE_IDENTIFIER = com.salonpromate.ms;
				PRODUCT_NAME = "$(TARGET_NAME)";
				SUPPORTED_PLATFORMS = "iphoneos iphonesimulator";
				SUPPORTS_MACCATALYST = NO;
				SUPPORTS_MAC_DESIGNED_FOR_IPHONE_IPAD = NO;
				SUPPORTS_XR_DESIGNED_FOR_IPHONE_IPAD = NO;
				SWIFT_EMIT_LOC_STRINGS = YES;
				SWIFT_VERSION = 5.0;
				TARGETED_DEVICE_FAMILY = 1;
			};
			name = Release;
		};
/* End XCBuildConfiguration section */

/* Begin XCConfigurationList section */
		AAC945B02D10685C008EDF4A /* Build configuration list for PBXProject "SalonPro Mate" */ = {
			isa = XCConfigurationList;
			buildConfigurations = (
				AAC945C72D10685E008EDF4A /* Debug */,
				AAC945C82D10685E008EDF4A /* Release */,
			);
			defaultConfigurationIsVisible = 0;
			defaultConfigurationName = Release;
		};
		AAC945C92D10685E008EDF4A /* Build configuration list for PBXNativeTarget "SalonPro Mate" */ = {
			isa = XCConfigurationList;
			buildConfigurations = (
				AAC945CA2D10685E008EDF4A /* Debug */,
				AAC945CB2D10685E008EDF4A /* Release */,
			);
			defaultConfigurationIsVisible = 0;
			defaultConfigurationName = Release;
		};
/* End XCConfigurationList section */
	};
	rootObject = AAC945AD2D10685C008EDF4A /* Project object */;
}
